{
  "name": "ssr-performance-showdown",
  "lockfileVersion": 3,
  "requires": true,
  "packages": {
    "": {
      "dependencies": {
        "@riotjs/compiler": "^9.2.0",
        "@riotjs/hydrate": "^9.0.0",
        "@riotjs/ssr": "^9.0.0",
        "riot": "^9.3.0"
      }
    },
    "node_modules/@babel/helper-string-parser": {
      "version": "7.24.8",
      "resolved": "https://registry.npmjs.org/@babel/helper-string-parser/-/helper-string-parser-7.24.8.tgz",
      "integrity": "sha512-pO9KhhRcuUyGnJWwyEgnRJTSIZHiT+vMD0kPeD+so0l7mxkMT19g3pjY9GTnHySck/hDzq+dtW/4VgnMkippsQ==",
      "engines": {
        "node": ">=6.9.0"
      }
    },
    "node_modules/@babel/helper-validator-identifier": {
      "version": "7.24.7",
      "resolved": "https://registry.npmjs.org/@babel/helper-validator-identifier/-/helper-validator-identifier-7.24.7.tgz",
      "integrity": "sha512-rR+PBcQ1SMQDDyF6X0wxtG8QyLCgUB0eRAGguqRLfkCA87l7yAP7ehq8SNj96OOGTO8OBV70KhuFYcIkHXOg0w==",
      "engines": {
        "node": ">=6.9.0"
      }
    },
    "node_modules/@babel/parser": {
      "version": "7.25.6",
      "resolved": "https://registry.npmjs.org/@babel/parser/-/parser-7.25.6.tgz",
      "integrity": "sha512-trGdfBdbD0l1ZPmcJ83eNxB9rbEax4ALFTF7fN386TMYbeCQbyme5cOEXQhbGXKebwGaB/J52w1mrklMcbgy6Q==",
      "dependencies": {
        "@babel/types": "^7.25.6"
      },
      "bin": {
        "parser": "bin/babel-parser.js"
      },
      "engines": {
        "node": ">=6.0.0"
      }
    },
    "node_modules/@babel/types": {
      "version": "7.25.6",
      "resolved": "https://registry.npmjs.org/@babel/types/-/types-7.25.6.tgz",
      "integrity": "sha512-/l42B1qxpG6RdfYf343Uw1vmDjeNhneUXtzhojE7pDgfpEypmRhI6j1kr17XCVv4Cgl9HdAiQY2x0GwKm7rWCw==",
      "dependencies": {
        "@babel/helper-string-parser": "^7.24.8",
        "@babel/helper-validator-identifier": "^7.24.7",
        "to-fast-properties": "^2.0.0"
      },
      "engines": {
        "node": ">=6.9.0"
      }
    },
    "node_modules/@riotjs/compiler": {
      "version": "9.2.0",
      "resolved": "https://registry.npmjs.org/@riotjs/compiler/-/compiler-9.2.0.tgz",
      "integrity": "sha512-xfyot4roQaKvKS0/srFnKJiIrrKt6fvCUuF0x+IKHwAI94pstdBvqy+0JBdZklUh0Mk4PFYoIq9it4cezchDNg==",
      "dependencies": {
        "@babel/parser": "^7.25.4",
        "@riotjs/parser": "^5.0.1",
        "@riotjs/util": "2.4.0",
        "css-simple-parser": "^3.0.0",
        "cssesc": "^3.0.0",
        "cumpa": "^2.0.1",
        "curri": "^2.0.3",
        "dom-nodes": "^1.1.3",
        "globals": "^15.9.0",
        "recast": "^0.23.9",
        "source-map": "^0.7.4"
      }
    },
    "node_modules/@riotjs/dom-bindings": {
      "version": "9.1.0",
      "resolved": "https://registry.npmjs.org/@riotjs/dom-bindings/-/dom-bindings-9.1.0.tgz",
      "integrity": "sha512-4+WiR7CAHL/r4j14qlywkyj75NROT0cxdBusBKYTeHJdbez7HWG/vh7fjhrcbO5zjFB+fOHa8spmk11M6JooIg==",
      "dependencies": {
        "@riotjs/util": "^2.4.0"
      }
    },
    "node_modules/@riotjs/hydrate": {
      "version": "9.0.0",
      "resolved": "https://registry.npmjs.org/@riotjs/hydrate/-/hydrate-9.0.0.tgz",
      "integrity": "sha512-DZcxuSFnxsj7fmzY7YsYwTYU0NMHXdfgpX9/XQT9czLCCL+uyLGvOk2N/ifYCudJWJrrvyXn4U8GbAhMm8/oRw==",
      "dependencies": {
        "morphdom": "^2.7.1"
      },
      "peerDependencies": {
        "riot": "^6.0.0 || ^7.0.0 || ^9.0.0"
      }
    },
    "node_modules/@riotjs/parser": {
      "version": "5.0.1",
      "resolved": "https://registry.npmjs.org/@riotjs/parser/-/parser-5.0.1.tgz",
      "integrity": "sha512-qFtU+GQJtNsMEyKCX2XlHGKLOZ/+WAaLXKlxG4cOH30dQxiGJ4ddMCRIwkS0YuwkvtzAoCwwat5CW8jjpJaJjA==",
      "dependencies": {
        "curri": "^2.0.3",
        "dom-nodes": "^1.1.3"
      },
      "engines": {
        "node": ">=4.2",
        "npm": ">=3.0"
      }
    },
    "node_modules/@riotjs/ssr": {
      "version": "9.0.0",
      "resolved": "https://registry.npmjs.org/@riotjs/ssr/-/ssr-9.0.0.tgz",
      "integrity": "sha512-9RRwKl+XUunL0b8J3mPO99gg4lTwVhA6VWl5J1HX2punfIiwJf0mbiMW37l6jeCD2aVRtRCbhDDfcuH1QrJUWg==",
      "dependencies": {
        "@riotjs/util": "^2.2.1",
        "curri": "^2.0.3",
        "linkedom": "^0.15.1"
      },
      "peerDependencies": {
        "riot": "^6.0.0 || ^7.0.0 || ^9.0.0"
      }
    },
    "node_modules/@riotjs/util": {
      "version": "2.4.0",
      "resolved": "https://registry.npmjs.org/@riotjs/util/-/util-2.4.0.tgz",
      "integrity": "sha512-zhuJobO+FsmA6hKS9qPIjQ2SLI+kY29JtAztNtbI8EsE0vyF9YQLRNPRt2wi3uozxgC1YFe/9o0Olzo3HQ6XYw=="
    },
    "node_modules/ast-types": {
      "version": "0.16.1",
      "resolved": "https://registry.npmjs.org/ast-types/-/ast-types-0.16.1.tgz",
      "integrity": "sha512-6t10qk83GOG8p0vKmaCr8eiilZwO171AvbROMtvvNiwrTly62t+7XkA8RdIIVbpMhCASAsxgAzdRSwh6nw/5Dg==",
      "dependencies": {
        "tslib": "^2.0.1"
      },
      "engines": {
        "node": ">=4"
      }
    },
    "node_modules/boolbase": {
      "version": "1.0.0",
      "resolved": "https://registry.npmjs.org/boolbase/-/boolbase-1.0.0.tgz",
      "integrity": "sha512-JZOSA7Mo9sNGB8+UjSgzdLtokWAky1zbztM3WRLCbZ70/3cTANmQmOdR7y2g+J0e2WXywy1yS468tY+IruqEww=="
    },
    "node_modules/css-select": {
      "version": "5.1.0",
      "resolved": "https://registry.npmjs.org/css-select/-/css-select-5.1.0.tgz",
      "integrity": "sha512-nwoRF1rvRRnnCqqY7updORDsuqKzqYJ28+oSMaJMMgOauh3fvwHqMS7EZpIPqK8GL+g9mKxF1vP/ZjSeNjEVHg==",
      "dependencies": {
        "boolbase": "^1.0.0",
        "css-what": "^6.1.0",
        "domhandler": "^5.0.2",
        "domutils": "^3.0.1",
        "nth-check": "^2.0.1"
      },
      "funding": {
        "url": "https://github.com/sponsors/fb55"
      }
    },
    "node_modules/css-simple-parser": {
      "version": "3.0.0",
      "resolved": "https://registry.npmjs.org/css-simple-parser/-/css-simple-parser-3.0.0.tgz",
      "integrity": "sha512-vCQf8BH7UO+HqA4DG1gkYzLVlRSLHD64leDWmfBrZZnZuHyGcTDFs6OqYNTDV36n4JbKMA6v4DnJeNRVXdk2nw==",
      "dependencies": {
        "string-indexes": "^2.0.0"
      }
    },
    "node_modules/css-what": {
      "version": "6.1.0",
      "resolved": "https://registry.npmjs.org/css-what/-/css-what-6.1.0.tgz",
      "integrity": "sha512-HTUrgRJ7r4dsZKU6GjmpfRK1O76h97Z8MfS1G0FozR+oF2kG6Vfe8JE6zwrkbxigziPHinCJ+gCPjA9EaBDtRw==",
      "engines": {
        "node": ">= 6"
      },
      "funding": {
        "url": "https://github.com/sponsors/fb55"
      }
    },
    "node_modules/cssesc": {
      "version": "3.0.0",
      "resolved": "https://registry.npmjs.org/cssesc/-/cssesc-3.0.0.tgz",
      "integrity": "sha512-/Tb/JcjK111nNScGob5MNtsntNM1aCNUDipB/TkwZFhyDrrE47SOx/18wF2bbjgc3ZzCSKW1T5nt5EbFoAz/Vg==",
      "bin": {
        "cssesc": "bin/cssesc"
      },
      "engines": {
        "node": ">=4"
      }
    },
    "node_modules/cssom": {
      "version": "0.5.0",
      "resolved": "https://registry.npmjs.org/cssom/-/cssom-0.5.0.tgz",
      "integrity": "sha512-iKuQcq+NdHqlAcwUY0o/HL69XQrUaQdMjmStJ8JFmUaiiQErlhrmuigkg/CU4E2J0IyUKUrMAgl36TvN67MqTw=="
    },
    "node_modules/cumpa": {
      "version": "2.0.1",
      "resolved": "https://registry.npmjs.org/cumpa/-/cumpa-2.0.1.tgz",
      "integrity": "sha512-8oBF1cSWkgYq0ZsLP9iiLLZDicIh1eYM8WLicRhaSLMrdtjEf9A3DgMYMxB/i/xgVUZGxPVD/hrwVzx/pjdmmw=="
    },
    "node_modules/curri": {
      "version": "2.0.3",
      "resolved": "https://registry.npmjs.org/curri/-/curri-2.0.3.tgz",
      "integrity": "sha512-pdDH7g0LnogX/ZLO+Oa+GuTc4dgcK3aQm+tVMXum92SPZCU4LlKQ3IC8pZiE9hdtnucXGy1G+hfoZkneCDqZEw=="
    },
    "node_modules/dom-nodes": {
      "version": "1.1.3",
      "resolved": "https://registry.npmjs.org/dom-nodes/-/dom-nodes-1.1.3.tgz",
      "integrity": "sha512-y5wnIx97oe0IqMllL/lizgkK2c9vu1cQeqPCCsS7mwNdPuYxg3b04eDJynHhC63kM8+ZsteOmiPElfVGOUmmKg=="
    },
    "node_modules/dom-serializer": {
      "version": "2.0.0",
      "resolved": "https://registry.npmjs.org/dom-serializer/-/dom-serializer-2.0.0.tgz",
      "integrity": "sha512-wIkAryiqt/nV5EQKqQpo3SToSOV9J0DnbJqwK7Wv/Trc92zIAYZ4FlMu+JPFW1DfGFt81ZTCGgDEabffXeLyJg==",
      "dependencies": {
        "domelementtype": "^2.3.0",
        "domhandler": "^5.0.2",
        "entities": "^4.2.0"
      },
      "funding": {
        "url": "https://github.com/cheeriojs/dom-serializer?sponsor=1"
      }
    },
    "node_modules/domelementtype": {
      "version": "2.3.0",
      "resolved": "https://registry.npmjs.org/domelementtype/-/domelementtype-2.3.0.tgz",
      "integrity": "sha512-OLETBj6w0OsagBwdXnPdN0cnMfF9opN69co+7ZrbfPGrdpPVNBUj02spi6B1N7wChLQiPn4CSH/zJvXw56gmHw==",
      "funding": [
        {
          "type": "github",
          "url": "https://github.com/sponsors/fb55"
        }
      ]
    },
    "node_modules/domhandler": {
      "version": "5.0.3",
      "resolved": "https://registry.npmjs.org/domhandler/-/domhandler-5.0.3.tgz",
      "integrity": "sha512-cgwlv/1iFQiFnU96XXgROh8xTeetsnJiDsTc7TYCLFd9+/WNkIqPTxiM/8pSd8VIrhXGTf1Ny1q1hquVqDJB5w==",
      "dependencies": {
        "domelementtype": "^2.3.0"
      },
      "engines": {
        "node": ">= 4"
      },
      "funding": {
        "url": "https://github.com/fb55/domhandler?sponsor=1"
      }
    },
    "node_modules/domutils": {
      "version": "3.1.0",
      "resolved": "https://registry.npmjs.org/domutils/-/domutils-3.1.0.tgz",
      "integrity": "sha512-H78uMmQtI2AhgDJjWeQmHwJJ2bLPD3GMmO7Zja/ZZh84wkm+4ut+IUnUdRa8uCGX88DiVx1j6FRe1XfxEgjEZA==",
      "dependencies": {
        "dom-serializer": "^2.0.0",
        "domelementtype": "^2.3.0",
        "domhandler": "^5.0.3"
      },
      "funding": {
        "url": "https://github.com/fb55/domutils?sponsor=1"
      }
    },
    "node_modules/entities": {
      "version": "4.5.0",
      "resolved": "https://registry.npmjs.org/entities/-/entities-4.5.0.tgz",
      "integrity": "sha512-V0hjH4dGPh9Ao5p0MoRY6BVqtwCjhz6vI5LT8AJ55H+4g9/4vbHx1I54fS0XuclLhDHArPQCiMjDxjaL8fPxhw==",
      "engines": {
        "node": ">=0.12"
      },
      "funding": {
        "url": "https://github.com/fb55/entities?sponsor=1"
      }
    },
    "node_modules/esprima": {
      "version": "4.0.1",
      "resolved": "https://registry.npmjs.org/esprima/-/esprima-4.0.1.tgz",
      "integrity": "sha512-eGuFFw7Upda+g4p+QHvnW0RyTX/SVeJBDM/gCtMARO0cLuT2HcEKnTPvhjV6aGeqrCB/sbNop0Kszm0jsaWU4A==",
      "bin": {
        "esparse": "bin/esparse.js",
        "esvalidate": "bin/esvalidate.js"
      },
      "engines": {
        "node": ">=4"
      }
    },
    "node_modules/globals": {
      "version": "15.9.0",
      "resolved": "https://registry.npmjs.org/globals/-/globals-15.9.0.tgz",
      "integrity": "sha512-SmSKyLLKFbSr6rptvP8izbyxJL4ILwqO9Jg23UA0sDlGlu58V59D1//I3vlc0KJphVdUR7vMjHIplYnzBxorQA==",
      "engines": {
        "node": ">=18"
      },
      "funding": {
        "url": "https://github.com/sponsors/sindresorhus"
      }
    },
    "node_modules/html-escaper": {
      "version": "3.0.3",
      "resolved": "https://registry.npmjs.org/html-escaper/-/html-escaper-3.0.3.tgz",
      "integrity": "sha512-RuMffC89BOWQoY0WKGpIhn5gX3iI54O6nRA0yC124NYVtzjmFWBIiFd8M0x+ZdX0P9R4lADg1mgP8C7PxGOWuQ=="
    },
    "node_modules/htmlparser2": {
      "version": "8.0.2",
      "resolved": "https://registry.npmjs.org/htmlparser2/-/htmlparser2-8.0.2.tgz",
      "integrity": "sha512-GYdjWKDkbRLkZ5geuHs5NY1puJ+PXwP7+fHPRz06Eirsb9ugf6d8kkXav6ADhcODhFFPMIXyxkxSuMf3D6NCFA==",
      "funding": [
        "https://github.com/fb55/htmlparser2?sponsor=1",
        {
          "type": "github",
          "url": "https://github.com/sponsors/fb55"
        }
      ],
      "dependencies": {
        "domelementtype": "^2.3.0",
        "domhandler": "^5.0.3",
        "domutils": "^3.0.1",
        "entities": "^4.4.0"
      }
    },
    "node_modules/linkedom": {
      "version": "0.15.6",
      "resolved": "https://registry.npmjs.org/linkedom/-/linkedom-0.15.6.tgz",
      "integrity": "sha512-2Vt8fdP5BNWeIiV8B3ZxfY2Z8zB0u2nVP4JPS+cgeqUlNbY26IFdDot4FYM+pZ6dA2fTVrP6bi8Z4VNTlyurvA==",
      "dependencies": {
        "css-select": "^5.1.0",
        "cssom": "^0.5.0",
        "html-escaper": "^3.0.3",
        "htmlparser2": "^8.0.1",
        "uhyphen": "^0.2.0"
      }
    },
    "node_modules/morphdom": {
      "version": "2.7.4",
      "resolved": "https://registry.npmjs.org/morphdom/-/morphdom-2.7.4.tgz",
      "integrity": "sha512-ATTbWMgGa+FaMU3FhnFYB6WgulCqwf6opOll4CBzmVDTLvPMmUPrEv8CudmLPK0MESa64+6B89fWOxP3+YIlxQ=="
    },
    "node_modules/nth-check": {
      "version": "2.1.1",
      "resolved": "https://registry.npmjs.org/nth-check/-/nth-check-2.1.1.tgz",
      "integrity": "sha512-lqjrjmaOoAnWfMmBPL+XNnynZh2+swxiX3WUE0s4yEHI6m+AwrK2UZOimIRl3X/4QctVqS8AiZjFqyOGrMXb/w==",
      "dependencies": {
        "boolbase": "^1.0.0"
      },
      "funding": {
        "url": "https://github.com/fb55/nth-check?sponsor=1"
      }
    },
    "node_modules/recast": {
      "version": "0.23.9",
      "resolved": "https://registry.npmjs.org/recast/-/recast-0.23.9.tgz",
      "integrity": "sha512-Hx/BGIbwj+Des3+xy5uAtAbdCyqK9y9wbBcDFDYanLS9JnMqf7OeF87HQwUimE87OEc72mr6tkKUKMBBL+hF9Q==",
      "dependencies": {
        "ast-types": "^0.16.1",
        "esprima": "~4.0.0",
        "source-map": "~0.6.1",
        "tiny-invariant": "^1.3.3",
        "tslib": "^2.0.1"
      },
      "engines": {
        "node": ">= 4"
      }
    },
    "node_modules/recast/node_modules/source-map": {
      "version": "0.6.1",
      "resolved": "https://registry.npmjs.org/source-map/-/source-map-0.6.1.tgz",
      "integrity": "sha512-UjgapumWlbMhkBgzT7Ykc5YXUT46F0iKu8SGXq0bcwP5dz/h0Plj6enJqjz1Zbq2l5WaqYnrVbwWOWMyF3F47g==",
      "engines": {
        "node": ">=0.10.0"
      }
    },
    "node_modules/riot": {
      "version": "9.3.0",
      "resolved": "https://registry.npmjs.org/riot/-/riot-9.3.0.tgz",
      "integrity": "sha512-jslXhZIGyf0f0BCr+v6pQPha+nnedc0Cg/Rzoblok6op8vND7xyxnoYt/KjyhilsjoVIxsNDsEs7s0MiC6mdpg==",
      "dependencies": {
        "@riotjs/dom-bindings": "^9.1.0"
      },
      "engines": {
        "node": ">=18.0.0"
      }
    },
    "node_modules/source-map": {
      "version": "0.7.4",
      "resolved": "https://registry.npmjs.org/source-map/-/source-map-0.7.4.tgz",
      "integrity": "sha512-l3BikUxvPOcn5E74dZiq5BGsTb5yEwhaTSzccU6t4sDOH8NWJCstKO5QT2CvtFoK6F0saL7p9xHAqHOlCPJygA==",
      "engines": {
        "node": ">= 8"
      }
    },
    "node_modules/string-indexes": {
      "version": "2.0.0",
      "resolved": "https://registry.npmjs.org/string-indexes/-/string-indexes-2.0.0.tgz",
      "integrity": "sha512-ATTNLgMvr27CtHUsOslQrMMR9+T3py6hhwKJtJPhu0YoRsiG7ybim70Kvdw/qk3Ill0sp0jzlxS5ILdBA3LW6w=="
    },
    "node_modules/tiny-invariant": {
      "version": "1.3.3",
      "resolved": "https://registry.npmjs.org/tiny-invariant/-/tiny-invariant-1.3.3.tgz",
      "integrity": "sha512-+FbBPE1o9QAYvviau/qC5SE3caw21q3xkvWKBtja5vgqOWIHHJ3ioaq1VPfn/Szqctz2bU/oYeKd9/z5BL+PVg=="
    },
    "node_modules/to-fast-properties": {
      "version": "2.0.0",
      "resolved": "https://registry.npmjs.org/to-fast-properties/-/to-fast-properties-2.0.0.tgz",
      "integrity": "sha512-/OaKK0xYrs3DmxRYqL/yDc+FxFUVYhDlXMhRmv3z915w2HF1tnN1omB354j8VUGO/hbRzyD6Y3sA7v7GS/ceog==",
      "engines": {
        "node": ">=4"
      }
    },
    "node_modules/tslib": {
      "version": "2.7.0",
      "resolved": "https://registry.npmjs.org/tslib/-/tslib-2.7.0.tgz",
      "integrity": "sha512-gLXCKdN1/j47AiHiOkJN69hJmcbGTHI0ImLmbYLHykhgeN0jVGola9yVjFgzCUklsZQMW55o+dW7IXv3RCXDzA=="
    },
    "node_modules/uhyphen": {
      "version": "0.2.0",
      "resolved": "https://registry.npmjs.org/uhyphen/-/uhyphen-0.2.0.tgz",
      "integrity": "sha512-qz3o9CHXmJJPGBdqzab7qAYuW8kQGKNEuoHFYrBwV6hWIMcpAmxDLXojcHfFr9US1Pe6zUswEIJIbLI610fuqA=="
    }
  }
}
